
Microsoft Visual Studio Solution File, Format Version 12.00
# Visual Studio Version 16
VisualStudioVersion = 16.0.30907.101
MinimumVisualStudioVersion = 10.0.40219.1
Project("{8BC9CEB8-8B4A-11D0-8D11-00A0C91BC942}") = "Cpts_121_PAVI_BattleShip_Solution", "Cpts_121_PAVI_BattleShip_Solution\Cpts_121_PAVI_BattleShip_Solution.vcxproj", "{AB3D4D5F-4466-474D-8422-758DFC851D70}"
EndProject
Global
	GlobalSection(SolutionConfigurationPlatforms) = preSolution
		Debug|x64 = Debug|x64
		Debug|x86 = Debug|x86
		Release|x64 = Release|x64
		Release|x86 = Release|x86
	EndGlobalSection
	GlobalSection(ProjectConfigurationPlatforms) = postSolution
		{AB3D4D5F-4466-474D-8422-758DFC851D70}.Debug|x64.ActiveCfg = Debug|x64
		{AB3D4D5F-4466-474D-8422-758DFC851D70}.Debug|x64.Build.0 = Debug|x64
		{AB3D4D5F-4466-474D-8422-758DFC851D70}.Debug|x86.ActiveCfg = Debug|Win32
		{AB3D4D5F-4466-474D-8422-758DFC851D70}.Debug|x86.Build.0 = Debug|Win32
		{AB3D4D5F-4466-474D-8422-758DFC851D70}.Release|x64.ActiveCfg = Release|x64
		{AB3D4D5F-4466-474D-8422-758DFC851D70}.Release|x64.Build.0 = Release|x64
		{AB3D4D5F-4466-474D-8422-758DFC851D70}.Release|x86.ActiveCfg = Release|Win32
		{AB3D4D5F-4466-474D-8422-758DFC851D70}.Release|x86.Build.0 = Release|Win32
	EndGlobalSection
	GlobalSection(SolutionProperties) = preSolution
		HideSolutionNode = FALSE
	EndGlobalSection
	GlobalSection(ExtensibilityGlobals) = postSolution
		SolutionGuid = {B0E2EAF4-BC3A-49FB-A407-312E133E168C}
	EndGlobalSection
EndGlobal
